
Microsoft Visual Studio Solution File, Format Version 12.00
# Visual Studio Version 17
VisualStudioVersion = 17.1.32328.378
MinimumVisualStudioVersion = 10.0.40219.1
Project("{9A19103F-16F7-4668-BE54-9A1E7A4F7556}") = "UzbScales", "UzbScales\UzbScales.csproj", "{F489BB5E-FA27-48E0-A0BB-32254DB836C9}"
EndProject
Project("{9A19103F-16F7-4668-BE54-9A1E7A4F7556}") = "Devices", "Devices\Devices.csproj", "{B11BAD53-99E2-4588-9908-B066A36A0D8A}"
EndProject
Project("{9A19103F-16F7-4668-BE54-9A1E7A4F7556}") = "BL", "BL\BL.csproj", "{1E1632F1-ACF2-4B5A-B031-43E29DBA7077}"
EndProject
Project("{9A19103F-16F7-4668-BE54-9A1E7A4F7556}") = "Synchronization", "Synchronization\Synchronization.csproj", "{FDA2E08D-FACC-4A71-BCE9-5755CAF8A0B3}"
EndProject
Project("{E53339B2-1760-4266-BCC7-CA923CBCF16C}") = "docker-compose", "docker-compose.dcproj", "{4CB3DAF2-628E-4434-88D1-94ACEEDB487D}"
EndProject
Global
	GlobalSection(SolutionConfigurationPlatforms) = preSolution
		Debug|Any CPU = Debug|Any CPU
		Release|Any CPU = Release|Any CPU
	EndGlobalSection
	GlobalSection(ProjectConfigurationPlatforms) = postSolution
		{F489BB5E-FA27-48E0-A0BB-32254DB836C9}.Debug|Any CPU.ActiveCfg = Debug|Any CPU
		{F489BB5E-FA27-48E0-A0BB-32254DB836C9}.Debug|Any CPU.Build.0 = Debug|Any CPU
		{F489BB5E-FA27-48E0-A0BB-32254DB836C9}.Release|Any CPU.ActiveCfg = Release|Any CPU
		{F489BB5E-FA27-48E0-A0BB-32254DB836C9}.Release|Any CPU.Build.0 = Release|Any CPU
		{B11BAD53-99E2-4588-9908-B066A36A0D8A}.Debug|Any CPU.ActiveCfg = Debug|Any CPU
		{B11BAD53-99E2-4588-9908-B066A36A0D8A}.Debug|Any CPU.Build.0 = Debug|Any CPU
		{B11BAD53-99E2-4588-9908-B066A36A0D8A}.Release|Any CPU.ActiveCfg = Release|Any CPU
		{B11BAD53-99E2-4588-9908-B066A36A0D8A}.Release|Any CPU.Build.0 = Release|Any CPU
		{1E1632F1-ACF2-4B5A-B031-43E29DBA7077}.Debug|Any CPU.ActiveCfg = Debug|Any CPU
		{1E1632F1-ACF2-4B5A-B031-43E29DBA7077}.Debug|Any CPU.Build.0 = Debug|Any CPU
		{1E1632F1-ACF2-4B5A-B031-43E29DBA7077}.Release|Any CPU.ActiveCfg = Release|Any CPU
		{1E1632F1-ACF2-4B5A-B031-43E29DBA7077}.Release|Any CPU.Build.0 = Release|Any CPU
		{FDA2E08D-FACC-4A71-BCE9-5755CAF8A0B3}.Debug|Any CPU.ActiveCfg = Debug|Any CPU
		{FDA2E08D-FACC-4A71-BCE9-5755CAF8A0B3}.Debug|Any CPU.Build.0 = Debug|Any CPU
		{FDA2E08D-FACC-4A71-BCE9-5755CAF8A0B3}.Release|Any CPU.ActiveCfg = Release|Any CPU
		{FDA2E08D-FACC-4A71-BCE9-5755CAF8A0B3}.Release|Any CPU.Build.0 = Release|Any CPU
		{4CB3DAF2-628E-4434-88D1-94ACEEDB487D}.Debug|Any CPU.ActiveCfg = Debug|Any CPU
		{4CB3DAF2-628E-4434-88D1-94ACEEDB487D}.Debug|Any CPU.Build.0 = Debug|Any CPU
		{4CB3DAF2-628E-4434-88D1-94ACEEDB487D}.Release|Any CPU.ActiveCfg = Release|Any CPU
		{4CB3DAF2-628E-4434-88D1-94ACEEDB487D}.Release|Any CPU.Build.0 = Release|Any CPU
	EndGlobalSection
	GlobalSection(SolutionProperties) = preSolution
		HideSolutionNode = FALSE
	EndGlobalSection
	GlobalSection(ExtensibilityGlobals) = postSolution
		SolutionGuid = {F9093C28-BFE6-41C0-94E2-CEEA33D51EC2}
	EndGlobalSection
EndGlobal
